
Microsoft Visual Studio Solution File, Format Version 12.00
# Visual Studio Version 17
VisualStudioVersion = 17.7.34009.444
MinimumVisualStudioVersion = 10.0.40219.1
Project("{9A19103F-16F7-4668-BE54-9A1E7A4F7556}") = "XYZ.Web", "XYZ.Web.csproj", "{C05E6D88-EC52-4922-BD5B-36B02BF61DD6}"
EndProject
Global
	GlobalSection(SolutionConfigurationPlatforms) = preSolution
		Debug|Any CPU = Debug|Any CPU
		Release|Any CPU = Release|Any CPU
	EndGlobalSection
	GlobalSection(ProjectConfigurationPlatforms) = postSolution
		{C05E6D88-EC52-4922-BD5B-36B02BF61DD6}.Debug|Any CPU.ActiveCfg = Debug|Any CPU
		{C05E6D88-EC52-4922-BD5B-36B02BF61DD6}.Debug|Any CPU.Build.0 = Debug|Any CPU
		{C05E6D88-EC52-4922-BD5B-36B02BF61DD6}.Release|Any CPU.ActiveCfg = Release|Any CPU
		{C05E6D88-EC52-4922-BD5B-36B02BF61DD6}.Release|Any CPU.Build.0 = Release|Any CPU
	EndGlobalSection
	GlobalSection(SolutionProperties) = preSolution
		HideSolutionNode = FALSE
	EndGlobalSection
	GlobalSection(ExtensibilityGlobals) = postSolution
		SolutionGuid = {4916D8E2-2FC2-4AB8-A67F-D8278C6B016D}
	EndGlobalSection
EndGlobal
